
Microsoft Visual Studio Solution File, Format Version 12.00
# Visual Studio Version 17
VisualStudioVersion = 17.14.36408.4 d17.14
MinimumVisualStudioVersion = 10.0.40219.1
Project("{FAE04EC0-301F-11D3-BF4B-00C04F79EFBC}") = "Test", "Test.csproj", "{C1968422-67C1-4693-BBA2-A36F746C0D58}"
EndProject
Global
	GlobalSection(SolutionConfigurationPlatforms) = preSolution
		Debug|Any CPU = Debug|Any CPU
		Release|Any CPU = Release|Any CPU
	EndGlobalSection
	GlobalSection(ProjectConfigurationPlatforms) = postSolution
		{C1968422-67C1-4693-BBA2-A36F746C0D58}.Debug|Any CPU.ActiveCfg = Debug|Any CPU
		{C1968422-67C1-4693-BBA2-A36F746C0D58}.Debug|Any CPU.Build.0 = Debug|Any CPU
		{C1968422-67C1-4693-BBA2-A36F746C0D58}.Release|Any CPU.ActiveCfg = Release|Any CPU
		{C1968422-67C1-4693-BBA2-A36F746C0D58}.Release|Any CPU.Build.0 = Release|Any CPU
	EndGlobalSection
	GlobalSection(SolutionProperties) = preSolution
		HideSolutionNode = FALSE
	EndGlobalSection
	GlobalSection(ExtensibilityGlobals) = postSolution
		SolutionGuid = {DAFBDC8D-37CE-4D30-84A4-1BB51E351D9A}
	EndGlobalSection
EndGlobal
