
Microsoft Visual Studio Solution File, Format Version 12.00
# Visual Studio Version 17
VisualStudioVersion = 17.14.36414.22 d17.14
MinimumVisualStudioVersion = 10.0.40219.1
Project("{FAE04EC0-301F-11D3-BF4B-00C04F79EFBC}") = "Bubble_Sort", "Bubble_Sort.csproj", "{01B64839-21D5-4D39-96F1-46BE7AAEEBC5}"
EndProject
Global
	GlobalSection(SolutionConfigurationPlatforms) = preSolution
		Debug|Any CPU = Debug|Any CPU
		Release|Any CPU = Release|Any CPU
	EndGlobalSection
	GlobalSection(ProjectConfigurationPlatforms) = postSolution
		{01B64839-21D5-4D39-96F1-46BE7AAEEBC5}.Debug|Any CPU.ActiveCfg = Debug|Any CPU
		{01B64839-21D5-4D39-96F1-46BE7AAEEBC5}.Debug|Any CPU.Build.0 = Debug|Any CPU
		{01B64839-21D5-4D39-96F1-46BE7AAEEBC5}.Release|Any CPU.ActiveCfg = Release|Any CPU
		{01B64839-21D5-4D39-96F1-46BE7AAEEBC5}.Release|Any CPU.Build.0 = Release|Any CPU
	EndGlobalSection
	GlobalSection(SolutionProperties) = preSolution
		HideSolutionNode = FALSE
	EndGlobalSection
	GlobalSection(ExtensibilityGlobals) = postSolution
		SolutionGuid = {985D907F-1818-43CD-98A5-B38FAEA3592E}
	EndGlobalSection
EndGlobal
